
Microsoft Visual Studio Solution File, Format Version 12.00
# Visual Studio Version 17
VisualStudioVersion = 17.9.34622.214
MinimumVisualStudioVersion = 16.0.0.0
Project("{9A19103F-16F7-4668-BE54-9A1E7A4F7556}") = "Bozobaralika.Windows", "Bozobaralika.Windows\Bozobaralika.Windows.csproj", "{5631AE43-5D93-4B22-B10E-BFA74E26FEF9}"
EndProject
Project("{9A19103F-16F7-4668-BE54-9A1E7A4F7556}") = "Bozobaralika.Proyecto", "Bozobaralika\Bozobaralika.Proyecto.csproj", "{09B34911-8330-4F65-A98E-188256F718AD}"
EndProject
Global
	GlobalSection(SolutionConfigurationPlatforms) = preSolution
		Debug|Any CPU = Debug|Any CPU
		Release|Any CPU = Release|Any CPU
	EndGlobalSection
	GlobalSection(ProjectConfigurationPlatforms) = postSolution
		{5631AE43-5D93-4B22-B10E-BFA74E26FEF9}.Debug|Any CPU.ActiveCfg = Debug|Any CPU
		{5631AE43-5D93-4B22-B10E-BFA74E26FEF9}.Debug|Any CPU.Build.0 = Debug|Any CPU
		{5631AE43-5D93-4B22-B10E-BFA74E26FEF9}.Release|Any CPU.ActiveCfg = Release|Any CPU
		{5631AE43-5D93-4B22-B10E-BFA74E26FEF9}.Release|Any CPU.Build.0 = Release|Any CPU
		{09B34911-8330-4F65-A98E-188256F718AD}.Debug|Any CPU.ActiveCfg = Debug|Any CPU
		{09B34911-8330-4F65-A98E-188256F718AD}.Debug|Any CPU.Build.0 = Debug|Any CPU
		{09B34911-8330-4F65-A98E-188256F718AD}.Release|Any CPU.ActiveCfg = Release|Any CPU
		{09B34911-8330-4F65-A98E-188256F718AD}.Release|Any CPU.Build.0 = Release|Any CPU
	EndGlobalSection
	GlobalSection(SolutionProperties) = preSolution
		HideSolutionNode = FALSE
	EndGlobalSection
	GlobalSection(ExtensibilityGlobals) = postSolution
		SolutionGuid = {0A8EE595-2EF3-4540-A30A-2A0485CFCDFC}
	EndGlobalSection
EndGlobal
